
Microsoft Visual Studio Solution File, Format Version 12.00
# Visual Studio Version 16
VisualStudioVersion = 16.0.29230.47
MinimumVisualStudioVersion = 10.0.40219.1
Project("{8BC9CEB8-8B4A-11D0-8D11-00A0C91BC942}") = "Server", "LR3\LR3.vcxproj", "{0E31FE66-6A4F-434A-B0E3-B9756D3F4B25}"
EndProject
Project("{8BC9CEB8-8B4A-11D0-8D11-00A0C91BC942}") = "Client", "Client\Client.vcxproj", "{37061918-FB40-4A1B-AB2E-0778EFA0AAC1}"
EndProject
Global
	GlobalSection(SolutionConfigurationPlatforms) = preSolution
		Debug|x64 = Debug|x64
		Debug|x86 = Debug|x86
		Release|x64 = Release|x64
		Release|x86 = Release|x86
	EndGlobalSection
	GlobalSection(ProjectConfigurationPlatforms) = postSolution
		{0E31FE66-6A4F-434A-B0E3-B9756D3F4B25}.Debug|x64.ActiveCfg = Debug|x64
		{0E31FE66-6A4F-434A-B0E3-B9756D3F4B25}.Debug|x64.Build.0 = Debug|x64
		{0E31FE66-6A4F-434A-B0E3-B9756D3F4B25}.Debug|x86.ActiveCfg = Debug|Win32
		{0E31FE66-6A4F-434A-B0E3-B9756D3F4B25}.Debug|x86.Build.0 = Debug|Win32
		{0E31FE66-6A4F-434A-B0E3-B9756D3F4B25}.Release|x64.ActiveCfg = Release|x64
		{0E31FE66-6A4F-434A-B0E3-B9756D3F4B25}.Release|x64.Build.0 = Release|x64
		{0E31FE66-6A4F-434A-B0E3-B9756D3F4B25}.Release|x86.ActiveCfg = Release|Win32
		{0E31FE66-6A4F-434A-B0E3-B9756D3F4B25}.Release|x86.Build.0 = Release|Win32
		{37061918-FB40-4A1B-AB2E-0778EFA0AAC1}.Debug|x64.ActiveCfg = Debug|x64
		{37061918-FB40-4A1B-AB2E-0778EFA0AAC1}.Debug|x64.Build.0 = Debug|x64
		{37061918-FB40-4A1B-AB2E-0778EFA0AAC1}.Debug|x86.ActiveCfg = Debug|Win32
		{37061918-FB40-4A1B-AB2E-0778EFA0AAC1}.Debug|x86.Build.0 = Debug|Win32
		{37061918-FB40-4A1B-AB2E-0778EFA0AAC1}.Release|x64.ActiveCfg = Release|x64
		{37061918-FB40-4A1B-AB2E-0778EFA0AAC1}.Release|x64.Build.0 = Release|x64
		{37061918-FB40-4A1B-AB2E-0778EFA0AAC1}.Release|x86.ActiveCfg = Release|Win32
		{37061918-FB40-4A1B-AB2E-0778EFA0AAC1}.Release|x86.Build.0 = Release|Win32
	EndGlobalSection
	GlobalSection(SolutionProperties) = preSolution
		HideSolutionNode = FALSE
	EndGlobalSection
	GlobalSection(ExtensibilityGlobals) = postSolution
		SolutionGuid = {7DBE13CE-B774-4305-A6D2-CCEA531939A6}
	EndGlobalSection
EndGlobal
